
Microsoft Visual Studio Solution File, Format Version 12.00
# Visual Studio Version 17
VisualStudioVersion = 17.12.35527.113 d17.12
MinimumVisualStudioVersion = 10.0.40219.1
Project("{C9674DCB-5085-4A16-B785-4C70DD1589BD}") = "veri_bilimi_proje1", "veri_bilimi_proje1\veri_bilimi_proje1.dtproj", "{4FF1DCF8-0A61-4647-832D-206B97A5517C}"
EndProject
Global
	GlobalSection(SolutionConfigurationPlatforms) = preSolution
		Development|Default = Development|Default
	EndGlobalSection
	GlobalSection(ProjectConfigurationPlatforms) = postSolution
		{4FF1DCF8-0A61-4647-832D-206B97A5517C}.Development|Default.ActiveCfg = Development
		{4FF1DCF8-0A61-4647-832D-206B97A5517C}.Development|Default.Build.0 = Development
	EndGlobalSection
	GlobalSection(SolutionProperties) = preSolution
		HideSolutionNode = FALSE
	EndGlobalSection
EndGlobal
